
Microsoft Visual Studio Solution File, Format Version 12.00
# Visual Studio Version 17
VisualStudioVersion = 17.13.35825.156 d17.13
MinimumVisualStudioVersion = 10.0.40219.1
Project("{8BC9CEB8-8B4A-11D0-8D11-00A0C91BC942}") = "LapTrinhThayKhang", "LapTrinhThayKhang.vcxproj", "{4032CC88-5953-4AE0-847D-CFE2728672D5}"
EndProject
Project("{8BC9CEB8-8B4A-11D0-8D11-00A0C91BC942}") = "002", "002\002.vcxproj", "{2CD2F69C-0A23-4E0C-B787-BF4A6E986F09}"
EndProject
Global
	GlobalSection(SolutionConfigurationPlatforms) = preSolution
		Debug|x64 = Debug|x64
		Debug|x86 = Debug|x86
		Release|x64 = Release|x64
		Release|x86 = Release|x86
	EndGlobalSection
	GlobalSection(ProjectConfigurationPlatforms) = postSolution
		{4032CC88-5953-4AE0-847D-CFE2728672D5}.Debug|x64.ActiveCfg = Debug|x64
		{4032CC88-5953-4AE0-847D-CFE2728672D5}.Debug|x64.Build.0 = Debug|x64
		{4032CC88-5953-4AE0-847D-CFE2728672D5}.Debug|x86.ActiveCfg = Debug|Win32
		{4032CC88-5953-4AE0-847D-CFE2728672D5}.Debug|x86.Build.0 = Debug|Win32
		{4032CC88-5953-4AE0-847D-CFE2728672D5}.Release|x64.ActiveCfg = Release|x64
		{4032CC88-5953-4AE0-847D-CFE2728672D5}.Release|x64.Build.0 = Release|x64
		{4032CC88-5953-4AE0-847D-CFE2728672D5}.Release|x86.ActiveCfg = Release|Win32
		{4032CC88-5953-4AE0-847D-CFE2728672D5}.Release|x86.Build.0 = Release|Win32
		{2CD2F69C-0A23-4E0C-B787-BF4A6E986F09}.Debug|x64.ActiveCfg = Debug|x64
		{2CD2F69C-0A23-4E0C-B787-BF4A6E986F09}.Debug|x64.Build.0 = Debug|x64
		{2CD2F69C-0A23-4E0C-B787-BF4A6E986F09}.Debug|x86.ActiveCfg = Debug|Win32
		{2CD2F69C-0A23-4E0C-B787-BF4A6E986F09}.Debug|x86.Build.0 = Debug|Win32
		{2CD2F69C-0A23-4E0C-B787-BF4A6E986F09}.Release|x64.ActiveCfg = Release|x64
		{2CD2F69C-0A23-4E0C-B787-BF4A6E986F09}.Release|x64.Build.0 = Release|x64
		{2CD2F69C-0A23-4E0C-B787-BF4A6E986F09}.Release|x86.ActiveCfg = Release|Win32
		{2CD2F69C-0A23-4E0C-B787-BF4A6E986F09}.Release|x86.Build.0 = Release|Win32
	EndGlobalSection
	GlobalSection(SolutionProperties) = preSolution
		HideSolutionNode = FALSE
	EndGlobalSection
	GlobalSection(ExtensibilityGlobals) = postSolution
		SolutionGuid = {4C2B7862-1F52-4DCC-B176-B6CF4C8D1A58}
	EndGlobalSection
EndGlobal
